
Microsoft Visual Studio Solution File, Format Version 10.00
# Visual Studio 2008
Project("{2150E333-8FDC-42A3-9474-1A3956D46DE8}") = "Solution Items", "Solution Items", "{AC44A94D-0EE1-498F-BCAF-F4023E22BC47}"
EndProject
Project("{FAE04EC0-301F-11D3-BF4B-00C04F79EFBC}") = "Recruitment.Core", "Recruitment.Core\Recruitment.Core.csproj", "{5F40A7DB-8142-4564-BB05-0F9C2DD3EF75}"
EndProject
Project("{FAE04EC0-301F-11D3-BF4B-00C04F79EFBC}") = "Recruitment.Data", "Recruitment.Data\Recruitment.Data.csproj", "{BFA5EBED-0F4D-481F-9C91-EBE45B481F83}"
EndProject
Project("{FAE04EC0-301F-11D3-BF4B-00C04F79EFBC}") = "Recruitment.Providers", "Recruitment.Providers\Recruitment.Providers.csproj", "{B48CCC6E-ED4B-4589-86F4-3486FD187453}"
EndProject
Project("{F14B399A-7131-4C87-9E4B-1186C45EF12D}") = "Recruitment.Reporting", "Recruitment.Reporting\Recruitment.Reporting.rptproj", "{E414181C-D129-4380-99E4-AA58C1A04697}"
EndProject
Project("{FAE04EC0-301F-11D3-BF4B-00C04F79EFBC}") = "Recruitment.DB", "Recruitment.DB\Recruitment.DB.csproj", "{426073DF-AC37-4C4B-B95A-D4761E393E76}"
EndProject
Project("{2CFEAB61-6A3B-4EB8-B523-560B4BEEF521}") = "Recruitment.Web_deploy", "Recruitment.Web_deploy\Recruitment.Web_deploy.wdproj", "{D16592C4-BD7E-4D4F-94CD-6AF212F54D83}"
EndProject
Project("{54435603-DBB4-11D2-8724-00A0C9A8B90C}") = "Recruitment.Setup", "Recruitment.Setup\Recruitment.Setup.vdproj", "{DE13CDD4-EFBF-467C-8312-79C6206CED44}"
EndProject
Project("{FAE04EC0-301F-11D3-BF4B-00C04F79EFBC}") = "Recruitment.Test", "Recruitment.Test\Recruitment.Test.csproj", "{576B683A-020C-4FBB-993E-AEE545D5B3F1}"
	ProjectSection(ProjectDependencies) = postProject
		{54A50826-9DFD-40B6-ADEC-4480BE72A324} = {54A50826-9DFD-40B6-ADEC-4480BE72A324}
	EndProjectSection
EndProject
Project("{E24C65DC-7377-472B-9ABA-BC803B73C61A}") = "Recruitment.Web", "Recruitment.Web", "{54A50826-9DFD-40B6-ADEC-4480BE72A324}"
	ProjectSection(WebsiteProperties) = preProject
		SccProjectName = "SAK"
		SccAuxPath = "SAK"
		SccLocalPath = "SAK"
		SccProvider = "SAK"
		TargetFramework = "3.5"
		ProjectReferences = "{5F40A7DB-8142-4564-BB05-0F9C2DD3EF75}|CAESDO.Recruitment.Core.dll;{BFA5EBED-0F4D-481F-9C91-EBE45B481F83}|CAESDO.Recruitment.Data.dll;{B48CCC6E-ED4B-4589-86F4-3486FD187453}|CAESDO.Recruitment.Providers.dll;{B7E438A4-E39B-4D9B-BFAE-D55F78769115}|CAESDO.Recruitment.BLL.dll;"
		Debug.AspNetCompiler.VirtualPath = "/Recruitment.Web"
		Debug.AspNetCompiler.PhysicalPath = "Recruitment.Web\"
		Debug.AspNetCompiler.TargetPath = "PrecompiledWeb\Recruitment.Web\"
		Debug.AspNetCompiler.Updateable = "true"
		Debug.AspNetCompiler.ForceOverwrite = "true"
		Debug.AspNetCompiler.FixedNames = "false"
		Debug.AspNetCompiler.Debug = "True"
		Release.AspNetCompiler.VirtualPath = "/Recruitment.Web"
		Release.AspNetCompiler.PhysicalPath = "Recruitment.Web\"
		Release.AspNetCompiler.TargetPath = "PrecompiledWeb\Recruitment.Web\"
		Release.AspNetCompiler.Updateable = "true"
		Release.AspNetCompiler.ForceOverwrite = "true"
		Release.AspNetCompiler.FixedNames = "false"
		Release.AspNetCompiler.Debug = "False"
		VWDPort = "60025"
	EndProjectSection
EndProject
Project("{FAE04EC0-301F-11D3-BF4B-00C04F79EFBC}") = "Recruitment.BLL", "Recruitment.BLL\Recruitment.BLL.csproj", "{B7E438A4-E39B-4D9B-BFAE-D55F78769115}"
EndProject
Project("{2CFEAB61-6A3B-4EB8-B523-560B4BEEF521}") = "Recruitment.Deployment", "Recruitment.Deployment\Recruitment.Deployment.wdproj", "{44635FA6-C614-44D4-9D34-1728B2B1542D}"
EndProject
Global
	GlobalSection(TeamFoundationVersionControl) = preSolution
		SccNumberOfProjects = 12
		SccEnterpriseProvider = {4CA58AB2-18FA-4F8D-95D4-32DDF27D184C}
		SccTeamFoundationServer = http://1x:8080/
		SccLocalPath0 = .
		SccProjectUniqueName1 = Recruitment.Core\\Recruitment.Core.csproj
		SccProjectName1 = Recruitment.Core
		SccLocalPath1 = Recruitment.Core
		SccProjectUniqueName2 = Recruitment.Data\\Recruitment.Data.csproj
		SccProjectName2 = Recruitment.Data
		SccLocalPath2 = Recruitment.Data
		SccProjectUniqueName3 = Recruitment.Providers\\Recruitment.Providers.csproj
		SccProjectName3 = Recruitment.Providers
		SccLocalPath3 = Recruitment.Providers
		SccProjectUniqueName4 = Recruitment.Reporting\\Recruitment.Reporting.rptproj
		SccProjectName4 = Recruitment.Reporting
		SccLocalPath4 = Recruitment.Reporting
		SccProjectUniqueName5 = Recruitment.DB\\Recruitment.DB.csproj
		SccProjectName5 = Recruitment.DB
		SccLocalPath5 = Recruitment.DB
		SccProjectUniqueName6 = Recruitment.Web_deploy\\Recruitment.Web_deploy.wdproj
		SccProjectName6 = Recruitment.Web_deploy
		SccLocalPath6 = Recruitment.Web_deploy
		SccProjectUniqueName7 = Recruitment.Setup\\Recruitment.Setup.vdproj
		SccProjectName7 = Recruitment.Setup
		SccLocalPath7 = Recruitment.Setup
		SccWebProject8 = true
		SccProjectUniqueName8 = Recruitment.Web
		SccLocalPath8 = .
		SccProjectFilePathRelativizedFromConnection8 = Recruitment.Web\\
		SccProjectEnlistmentChoice8 = 2
		SccProjectUniqueName9 = Recruitment.BLL\\Recruitment.BLL.csproj
		SccProjectName9 = Recruitment.BLL
		SccLocalPath9 = Recruitment.BLL
		SccProjectUniqueName10 = Recruitment.Deployment\\Recruitment.Deployment.wdproj
		SccProjectName10 = Recruitment.Deployment
		SccLocalPath10 = Recruitment.Deployment
		SccProjectUniqueName11 = Recruitment.Test\\Recruitment.Test.csproj
		SccProjectName11 = Recruitment.Test
		SccLocalPath11 = Recruitment.Test
	EndGlobalSection
	GlobalSection(SolutionConfigurationPlatforms) = preSolution
		Debug|.NET = Debug|.NET
		Debug|Any CPU = Debug|Any CPU
		Debug|Mixed Platforms = Debug|Mixed Platforms
		DebugLocal|.NET = DebugLocal|.NET
		DebugLocal|Any CPU = DebugLocal|Any CPU
		DebugLocal|Mixed Platforms = DebugLocal|Mixed Platforms
		Production|.NET = Production|.NET
		Production|Any CPU = Production|Any CPU
		Production|Mixed Platforms = Production|Mixed Platforms
		Release|.NET = Release|.NET
		Release|Any CPU = Release|Any CPU
		Release|Mixed Platforms = Release|Mixed Platforms
	EndGlobalSection
	GlobalSection(ProjectConfigurationPlatforms) = postSolution
		{5F40A7DB-8142-4564-BB05-0F9C2DD3EF75}.Debug|.NET.ActiveCfg = Debug|Any CPU
		{5F40A7DB-8142-4564-BB05-0F9C2DD3EF75}.Debug|Any CPU.ActiveCfg = Debug|Any CPU
		{5F40A7DB-8142-4564-BB05-0F9C2DD3EF75}.Debug|Any CPU.Build.0 = Debug|Any CPU
		{5F40A7DB-8142-4564-BB05-0F9C2DD3EF75}.Debug|Mixed Platforms.ActiveCfg = Debug|Any CPU
		{5F40A7DB-8142-4564-BB05-0F9C2DD3EF75}.Debug|Mixed Platforms.Build.0 = Debug|Any CPU
		{5F40A7DB-8142-4564-BB05-0F9C2DD3EF75}.DebugLocal|.NET.ActiveCfg = Debug|Any CPU
		{5F40A7DB-8142-4564-BB05-0F9C2DD3EF75}.DebugLocal|Any CPU.ActiveCfg = Debug|Any CPU
		{5F40A7DB-8142-4564-BB05-0F9C2DD3EF75}.DebugLocal|Any CPU.Build.0 = Debug|Any CPU
		{5F40A7DB-8142-4564-BB05-0F9C2DD3EF75}.DebugLocal|Mixed Platforms.ActiveCfg = Debug|Any CPU
		{5F40A7DB-8142-4564-BB05-0F9C2DD3EF75}.DebugLocal|Mixed Platforms.Build.0 = Debug|Any CPU
		{5F40A7DB-8142-4564-BB05-0F9C2DD3EF75}.Production|.NET.ActiveCfg = Release|Any CPU
		{5F40A7DB-8142-4564-BB05-0F9C2DD3EF75}.Production|Any CPU.ActiveCfg = Release|Any CPU
		{5F40A7DB-8142-4564-BB05-0F9C2DD3EF75}.Production|Any CPU.Build.0 = Release|Any CPU
		{5F40A7DB-8142-4564-BB05-0F9C2DD3EF75}.Production|Mixed Platforms.ActiveCfg = Release|Any CPU
		{5F40A7DB-8142-4564-BB05-0F9C2DD3EF75}.Production|Mixed Platforms.Build.0 = Release|Any CPU
		{5F40A7DB-8142-4564-BB05-0F9C2DD3EF75}.Release|.NET.ActiveCfg = Release|Any CPU
		{5F40A7DB-8142-4564-BB05-0F9C2DD3EF75}.Release|Any CPU.ActiveCfg = Release|Any CPU
		{5F40A7DB-8142-4564-BB05-0F9C2DD3EF75}.Release|Any CPU.Build.0 = Release|Any CPU
		{5F40A7DB-8142-4564-BB05-0F9C2DD3EF75}.Release|Mixed Platforms.ActiveCfg = Release|Any CPU
		{5F40A7DB-8142-4564-BB05-0F9C2DD3EF75}.Release|Mixed Platforms.Build.0 = Release|Any CPU
		{BFA5EBED-0F4D-481F-9C91-EBE45B481F83}.Debug|.NET.ActiveCfg = Debug|Any CPU
		{BFA5EBED-0F4D-481F-9C91-EBE45B481F83}.Debug|Any CPU.ActiveCfg = Debug|Any CPU
		{BFA5EBED-0F4D-481F-9C91-EBE45B481F83}.Debug|Any CPU.Build.0 = Debug|Any CPU
		{BFA5EBED-0F4D-481F-9C91-EBE45B481F83}.Debug|Mixed Platforms.ActiveCfg = Debug|Any CPU
		{BFA5EBED-0F4D-481F-9C91-EBE45B481F83}.Debug|Mixed Platforms.Build.0 = Debug|Any CPU
		{BFA5EBED-0F4D-481F-9C91-EBE45B481F83}.DebugLocal|.NET.ActiveCfg = Debug|Any CPU
		{BFA5EBED-0F4D-481F-9C91-EBE45B481F83}.DebugLocal|Any CPU.ActiveCfg = Debug|Any CPU
		{BFA5EBED-0F4D-481F-9C91-EBE45B481F83}.DebugLocal|Any CPU.Build.0 = Debug|Any CPU
		{BFA5EBED-0F4D-481F-9C91-EBE45B481F83}.DebugLocal|Mixed Platforms.ActiveCfg = Debug|Any CPU
		{BFA5EBED-0F4D-481F-9C91-EBE45B481F83}.DebugLocal|Mixed Platforms.Build.0 = Debug|Any CPU
		{BFA5EBED-0F4D-481F-9C91-EBE45B481F83}.Production|.NET.ActiveCfg = Release|Any CPU
		{BFA5EBED-0F4D-481F-9C91-EBE45B481F83}.Production|Any CPU.ActiveCfg = Release|Any CPU
		{BFA5EBED-0F4D-481F-9C91-EBE45B481F83}.Production|Any CPU.Build.0 = Release|Any CPU
		{BFA5EBED-0F4D-481F-9C91-EBE45B481F83}.Production|Mixed Platforms.ActiveCfg = Release|Any CPU
		{BFA5EBED-0F4D-481F-9C91-EBE45B481F83}.Production|Mixed Platforms.Build.0 = Release|Any CPU
		{BFA5EBED-0F4D-481F-9C91-EBE45B481F83}.Release|.NET.ActiveCfg = Release|Any CPU
		{BFA5EBED-0F4D-481F-9C91-EBE45B481F83}.Release|Any CPU.ActiveCfg = Release|Any CPU
		{BFA5EBED-0F4D-481F-9C91-EBE45B481F83}.Release|Any CPU.Build.0 = Release|Any CPU
		{BFA5EBED-0F4D-481F-9C91-EBE45B481F83}.Release|Mixed Platforms.ActiveCfg = Release|Any CPU
		{BFA5EBED-0F4D-481F-9C91-EBE45B481F83}.Release|Mixed Platforms.Build.0 = Release|Any CPU
		{B48CCC6E-ED4B-4589-86F4-3486FD187453}.Debug|.NET.ActiveCfg = Debug|Any CPU
		{B48CCC6E-ED4B-4589-86F4-3486FD187453}.Debug|Any CPU.ActiveCfg = Debug|Any CPU
		{B48CCC6E-ED4B-4589-86F4-3486FD187453}.Debug|Any CPU.Build.0 = Debug|Any CPU
		{B48CCC6E-ED4B-4589-86F4-3486FD187453}.Debug|Mixed Platforms.ActiveCfg = Debug|Any CPU
		{B48CCC6E-ED4B-4589-86F4-3486FD187453}.Debug|Mixed Platforms.Build.0 = Debug|Any CPU
		{B48CCC6E-ED4B-4589-86F4-3486FD187453}.DebugLocal|.NET.ActiveCfg = Debug|Any CPU
		{B48CCC6E-ED4B-4589-86F4-3486FD187453}.DebugLocal|Any CPU.ActiveCfg = Debug|Any CPU
		{B48CCC6E-ED4B-4589-86F4-3486FD187453}.DebugLocal|Any CPU.Build.0 = Debug|Any CPU
		{B48CCC6E-ED4B-4589-86F4-3486FD187453}.DebugLocal|Mixed Platforms.ActiveCfg = Debug|Any CPU
		{B48CCC6E-ED4B-4589-86F4-3486FD187453}.DebugLocal|Mixed Platforms.Build.0 = Debug|Any CPU
		{B48CCC6E-ED4B-4589-86F4-3486FD187453}.Production|.NET.ActiveCfg = Release|Any CPU
		{B48CCC6E-ED4B-4589-86F4-3486FD187453}.Production|Any CPU.ActiveCfg = Release|Any CPU
		{B48CCC6E-ED4B-4589-86F4-3486FD187453}.Production|Any CPU.Build.0 = Release|Any CPU
		{B48CCC6E-ED4B-4589-86F4-3486FD187453}.Production|Mixed Platforms.ActiveCfg = Release|Any CPU
		{B48CCC6E-ED4B-4589-86F4-3486FD187453}.Production|Mixed Platforms.Build.0 = Release|Any CPU
		{B48CCC6E-ED4B-4589-86F4-3486FD187453}.Release|.NET.ActiveCfg = Release|Any CPU
		{B48CCC6E-ED4B-4589-86F4-3486FD187453}.Release|Any CPU.ActiveCfg = Release|Any CPU
		{B48CCC6E-ED4B-4589-86F4-3486FD187453}.Release|Any CPU.Build.0 = Release|Any CPU
		{B48CCC6E-ED4B-4589-86F4-3486FD187453}.Release|Mixed Platforms.ActiveCfg = Release|Any CPU
		{B48CCC6E-ED4B-4589-86F4-3486FD187453}.Release|Mixed Platforms.Build.0 = Release|Any CPU
		{E414181C-D129-4380-99E4-AA58C1A04697}.Debug|.NET.ActiveCfg = DebugLocal
		{E414181C-D129-4380-99E4-AA58C1A04697}.Debug|.NET.Build.0 = DebugLocal
		{E414181C-D129-4380-99E4-AA58C1A04697}.Debug|Any CPU.ActiveCfg = DebugLocal
		{E414181C-D129-4380-99E4-AA58C1A04697}.Debug|Any CPU.Build.0 = DebugLocal
		{E414181C-D129-4380-99E4-AA58C1A04697}.Debug|Mixed Platforms.ActiveCfg = DebugLocal
		{E414181C-D129-4380-99E4-AA58C1A04697}.Debug|Mixed Platforms.Build.0 = DebugLocal
		{E414181C-D129-4380-99E4-AA58C1A04697}.DebugLocal|.NET.ActiveCfg = DebugLocal
		{E414181C-D129-4380-99E4-AA58C1A04697}.DebugLocal|.NET.Build.0 = DebugLocal
		{E414181C-D129-4380-99E4-AA58C1A04697}.DebugLocal|Any CPU.ActiveCfg = DebugLocal
		{E414181C-D129-4380-99E4-AA58C1A04697}.DebugLocal|Any CPU.Build.0 = DebugLocal
		{E414181C-D129-4380-99E4-AA58C1A04697}.DebugLocal|Mixed Platforms.ActiveCfg = DebugLocal
		{E414181C-D129-4380-99E4-AA58C1A04697}.DebugLocal|Mixed Platforms.Build.0 = DebugLocal
		{E414181C-D129-4380-99E4-AA58C1A04697}.Production|.NET.ActiveCfg = Production
		{E414181C-D129-4380-99E4-AA58C1A04697}.Production|.NET.Build.0 = Production
		{E414181C-D129-4380-99E4-AA58C1A04697}.Production|.NET.Deploy.0 = Production
		{E414181C-D129-4380-99E4-AA58C1A04697}.Production|Any CPU.ActiveCfg = Production
		{E414181C-D129-4380-99E4-AA58C1A04697}.Production|Any CPU.Build.0 = Production
		{E414181C-D129-4380-99E4-AA58C1A04697}.Production|Any CPU.Deploy.0 = Production
		{E414181C-D129-4380-99E4-AA58C1A04697}.Production|Mixed Platforms.ActiveCfg = Production
		{E414181C-D129-4380-99E4-AA58C1A04697}.Production|Mixed Platforms.Build.0 = Production
		{E414181C-D129-4380-99E4-AA58C1A04697}.Production|Mixed Platforms.Deploy.0 = Production
		{E414181C-D129-4380-99E4-AA58C1A04697}.Release|.NET.ActiveCfg = Production
		{E414181C-D129-4380-99E4-AA58C1A04697}.Release|.NET.Build.0 = Production
		{E414181C-D129-4380-99E4-AA58C1A04697}.Release|.NET.Deploy.0 = Production
		{E414181C-D129-4380-99E4-AA58C1A04697}.Release|Any CPU.ActiveCfg = Production
		{E414181C-D129-4380-99E4-AA58C1A04697}.Release|Any CPU.Build.0 = Production
		{E414181C-D129-4380-99E4-AA58C1A04697}.Release|Any CPU.Deploy.0 = Production
		{E414181C-D129-4380-99E4-AA58C1A04697}.Release|Mixed Platforms.ActiveCfg = Production
		{E414181C-D129-4380-99E4-AA58C1A04697}.Release|Mixed Platforms.Build.0 = Production
		{426073DF-AC37-4C4B-B95A-D4761E393E76}.Debug|.NET.ActiveCfg = Debug|Any CPU
		{426073DF-AC37-4C4B-B95A-D4761E393E76}.Debug|Any CPU.ActiveCfg = Debug|Any CPU
		{426073DF-AC37-4C4B-B95A-D4761E393E76}.Debug|Any CPU.Build.0 = Debug|Any CPU
		{426073DF-AC37-4C4B-B95A-D4761E393E76}.Debug|Any CPU.Deploy.0 = Debug|Any CPU
		{426073DF-AC37-4C4B-B95A-D4761E393E76}.Debug|Mixed Platforms.ActiveCfg = Debug|Any CPU
		{426073DF-AC37-4C4B-B95A-D4761E393E76}.DebugLocal|.NET.ActiveCfg = Debug|Any CPU
		{426073DF-AC37-4C4B-B95A-D4761E393E76}.DebugLocal|Any CPU.ActiveCfg = Debug|Any CPU
		{426073DF-AC37-4C4B-B95A-D4761E393E76}.DebugLocal|Any CPU.Build.0 = Debug|Any CPU
		{426073DF-AC37-4C4B-B95A-D4761E393E76}.DebugLocal|Any CPU.Deploy.0 = Debug|Any CPU
		{426073DF-AC37-4C4B-B95A-D4761E393E76}.DebugLocal|Mixed Platforms.ActiveCfg = Debug|Any CPU
		{426073DF-AC37-4C4B-B95A-D4761E393E76}.DebugLocal|Mixed Platforms.Build.0 = Debug|Any CPU
		{426073DF-AC37-4C4B-B95A-D4761E393E76}.DebugLocal|Mixed Platforms.Deploy.0 = Debug|Any CPU
		{426073DF-AC37-4C4B-B95A-D4761E393E76}.Production|.NET.ActiveCfg = Release|Any CPU
		{426073DF-AC37-4C4B-B95A-D4761E393E76}.Production|Any CPU.ActiveCfg = Release|Any CPU
		{426073DF-AC37-4C4B-B95A-D4761E393E76}.Production|Any CPU.Build.0 = Release|Any CPU
		{426073DF-AC37-4C4B-B95A-D4761E393E76}.Production|Any CPU.Deploy.0 = Release|Any CPU
		{426073DF-AC37-4C4B-B95A-D4761E393E76}.Production|Mixed Platforms.ActiveCfg = Release|Any CPU
		{426073DF-AC37-4C4B-B95A-D4761E393E76}.Production|Mixed Platforms.Build.0 = Release|Any CPU
		{426073DF-AC37-4C4B-B95A-D4761E393E76}.Production|Mixed Platforms.Deploy.0 = Release|Any CPU
		{426073DF-AC37-4C4B-B95A-D4761E393E76}.Release|.NET.ActiveCfg = Release|Any CPU
		{426073DF-AC37-4C4B-B95A-D4761E393E76}.Release|Any CPU.ActiveCfg = Release|Any CPU
		{426073DF-AC37-4C4B-B95A-D4761E393E76}.Release|Any CPU.Build.0 = Release|Any CPU
		{426073DF-AC37-4C4B-B95A-D4761E393E76}.Release|Any CPU.Deploy.0 = Release|Any CPU
		{426073DF-AC37-4C4B-B95A-D4761E393E76}.Release|Mixed Platforms.ActiveCfg = Release|Any CPU
		{D16592C4-BD7E-4D4F-94CD-6AF212F54D83}.Debug|.NET.ActiveCfg = Debug|Any CPU
		{D16592C4-BD7E-4D4F-94CD-6AF212F54D83}.Debug|Any CPU.ActiveCfg = Debug|Any CPU
		{D16592C4-BD7E-4D4F-94CD-6AF212F54D83}.Debug|Any CPU.Build.0 = Debug|Any CPU
		{D16592C4-BD7E-4D4F-94CD-6AF212F54D83}.Debug|Mixed Platforms.ActiveCfg = Debug|Any CPU
		{D16592C4-BD7E-4D4F-94CD-6AF212F54D83}.DebugLocal|.NET.ActiveCfg = Debug|Any CPU
		{D16592C4-BD7E-4D4F-94CD-6AF212F54D83}.DebugLocal|Any CPU.ActiveCfg = Debug|Any CPU
		{D16592C4-BD7E-4D4F-94CD-6AF212F54D83}.DebugLocal|Any CPU.Build.0 = Debug|Any CPU
		{D16592C4-BD7E-4D4F-94CD-6AF212F54D83}.DebugLocal|Mixed Platforms.ActiveCfg = Debug|Any CPU
		{D16592C4-BD7E-4D4F-94CD-6AF212F54D83}.DebugLocal|Mixed Platforms.Build.0 = Debug|Any CPU
		{D16592C4-BD7E-4D4F-94CD-6AF212F54D83}.Production|.NET.ActiveCfg = Release|Any CPU
		{D16592C4-BD7E-4D4F-94CD-6AF212F54D83}.Production|Any CPU.ActiveCfg = Release|Any CPU
		{D16592C4-BD7E-4D4F-94CD-6AF212F54D83}.Production|Any CPU.Build.0 = Release|Any CPU
		{D16592C4-BD7E-4D4F-94CD-6AF212F54D83}.Production|Mixed Platforms.ActiveCfg = Release|Any CPU
		{D16592C4-BD7E-4D4F-94CD-6AF212F54D83}.Production|Mixed Platforms.Build.0 = Release|Any CPU
		{D16592C4-BD7E-4D4F-94CD-6AF212F54D83}.Release|.NET.ActiveCfg = Release|Any CPU
		{D16592C4-BD7E-4D4F-94CD-6AF212F54D83}.Release|Any CPU.ActiveCfg = Release|Any CPU
		{D16592C4-BD7E-4D4F-94CD-6AF212F54D83}.Release|Any CPU.Build.0 = Release|Any CPU
		{D16592C4-BD7E-4D4F-94CD-6AF212F54D83}.Release|Mixed Platforms.ActiveCfg = Release|Any CPU
		{DE13CDD4-EFBF-467C-8312-79C6206CED44}.Debug|.NET.ActiveCfg = Debug
		{DE13CDD4-EFBF-467C-8312-79C6206CED44}.Debug|Any CPU.ActiveCfg = Debug
		{DE13CDD4-EFBF-467C-8312-79C6206CED44}.Debug|Mixed Platforms.ActiveCfg = Debug
		{DE13CDD4-EFBF-467C-8312-79C6206CED44}.DebugLocal|.NET.ActiveCfg = Debug
		{DE13CDD4-EFBF-467C-8312-79C6206CED44}.DebugLocal|Any CPU.ActiveCfg = Debug
		{DE13CDD4-EFBF-467C-8312-79C6206CED44}.DebugLocal|Mixed Platforms.ActiveCfg = Debug
		{DE13CDD4-EFBF-467C-8312-79C6206CED44}.Production|.NET.ActiveCfg = Release
		{DE13CDD4-EFBF-467C-8312-79C6206CED44}.Production|Any CPU.ActiveCfg = Release
		{DE13CDD4-EFBF-467C-8312-79C6206CED44}.Production|Mixed Platforms.ActiveCfg = Release
		{DE13CDD4-EFBF-467C-8312-79C6206CED44}.Release|.NET.ActiveCfg = Release
		{DE13CDD4-EFBF-467C-8312-79C6206CED44}.Release|Any CPU.ActiveCfg = Release
		{DE13CDD4-EFBF-467C-8312-79C6206CED44}.Release|Mixed Platforms.ActiveCfg = Release
		{576B683A-020C-4FBB-993E-AEE545D5B3F1}.Debug|.NET.ActiveCfg = Debug|Any CPU
		{576B683A-020C-4FBB-993E-AEE545D5B3F1}.Debug|Any CPU.ActiveCfg = Debug|Any CPU
		{576B683A-020C-4FBB-993E-AEE545D5B3F1}.Debug|Any CPU.Build.0 = Debug|Any CPU
		{576B683A-020C-4FBB-993E-AEE545D5B3F1}.Debug|Mixed Platforms.ActiveCfg = Debug|Any CPU
		{576B683A-020C-4FBB-993E-AEE545D5B3F1}.Debug|Mixed Platforms.Build.0 = Debug|Any CPU
		{576B683A-020C-4FBB-993E-AEE545D5B3F1}.DebugLocal|.NET.ActiveCfg = Debug|Any CPU
		{576B683A-020C-4FBB-993E-AEE545D5B3F1}.DebugLocal|Any CPU.ActiveCfg = Debug|Any CPU
		{576B683A-020C-4FBB-993E-AEE545D5B3F1}.DebugLocal|Any CPU.Build.0 = Debug|Any CPU
		{576B683A-020C-4FBB-993E-AEE545D5B3F1}.DebugLocal|Mixed Platforms.ActiveCfg = Debug|Any CPU
		{576B683A-020C-4FBB-993E-AEE545D5B3F1}.DebugLocal|Mixed Platforms.Build.0 = Debug|Any CPU
		{576B683A-020C-4FBB-993E-AEE545D5B3F1}.Production|.NET.ActiveCfg = Release|Any CPU
		{576B683A-020C-4FBB-993E-AEE545D5B3F1}.Production|Any CPU.ActiveCfg = Release|Any CPU
		{576B683A-020C-4FBB-993E-AEE545D5B3F1}.Production|Any CPU.Build.0 = Release|Any CPU
		{576B683A-020C-4FBB-993E-AEE545D5B3F1}.Production|Mixed Platforms.ActiveCfg = Release|Any CPU
		{576B683A-020C-4FBB-993E-AEE545D5B3F1}.Production|Mixed Platforms.Build.0 = Release|Any CPU
		{576B683A-020C-4FBB-993E-AEE545D5B3F1}.Release|.NET.ActiveCfg = Release|Any CPU
		{576B683A-020C-4FBB-993E-AEE545D5B3F1}.Release|Any CPU.ActiveCfg = Release|Any CPU
		{576B683A-020C-4FBB-993E-AEE545D5B3F1}.Release|Any CPU.Build.0 = Release|Any CPU
		{576B683A-020C-4FBB-993E-AEE545D5B3F1}.Release|Mixed Platforms.ActiveCfg = Release|Any CPU
		{576B683A-020C-4FBB-993E-AEE545D5B3F1}.Release|Mixed Platforms.Build.0 = Release|Any CPU
		{54A50826-9DFD-40B6-ADEC-4480BE72A324}.Debug|.NET.ActiveCfg = Debug|.NET
		{54A50826-9DFD-40B6-ADEC-4480BE72A324}.Debug|.NET.Build.0 = Debug|.NET
		{54A50826-9DFD-40B6-ADEC-4480BE72A324}.Debug|Any CPU.ActiveCfg = Debug|.NET
		{54A50826-9DFD-40B6-ADEC-4480BE72A324}.Debug|Mixed Platforms.ActiveCfg = Debug|.NET
		{54A50826-9DFD-40B6-ADEC-4480BE72A324}.Debug|Mixed Platforms.Build.0 = Debug|.NET
		{54A50826-9DFD-40B6-ADEC-4480BE72A324}.DebugLocal|.NET.ActiveCfg = Debug|.NET
		{54A50826-9DFD-40B6-ADEC-4480BE72A324}.DebugLocal|.NET.Build.0 = Debug|.NET
		{54A50826-9DFD-40B6-ADEC-4480BE72A324}.DebugLocal|Any CPU.ActiveCfg = Debug|.NET
		{54A50826-9DFD-40B6-ADEC-4480BE72A324}.DebugLocal|Mixed Platforms.ActiveCfg = Debug|.NET
		{54A50826-9DFD-40B6-ADEC-4480BE72A324}.DebugLocal|Mixed Platforms.Build.0 = Debug|.NET
		{54A50826-9DFD-40B6-ADEC-4480BE72A324}.Production|.NET.ActiveCfg = Debug|.NET
		{54A50826-9DFD-40B6-ADEC-4480BE72A324}.Production|.NET.Build.0 = Debug|.NET
		{54A50826-9DFD-40B6-ADEC-4480BE72A324}.Production|Any CPU.ActiveCfg = Debug|.NET
		{54A50826-9DFD-40B6-ADEC-4480BE72A324}.Production|Mixed Platforms.ActiveCfg = Debug|.NET
		{54A50826-9DFD-40B6-ADEC-4480BE72A324}.Production|Mixed Platforms.Build.0 = Debug|.NET
		{54A50826-9DFD-40B6-ADEC-4480BE72A324}.Release|.NET.ActiveCfg = Debug|.NET
		{54A50826-9DFD-40B6-ADEC-4480BE72A324}.Release|.NET.Build.0 = Debug|.NET
		{54A50826-9DFD-40B6-ADEC-4480BE72A324}.Release|Any CPU.ActiveCfg = Debug|.NET
		{54A50826-9DFD-40B6-ADEC-4480BE72A324}.Release|Mixed Platforms.ActiveCfg = Debug|.NET
		{54A50826-9DFD-40B6-ADEC-4480BE72A324}.Release|Mixed Platforms.Build.0 = Debug|.NET
		{B7E438A4-E39B-4D9B-BFAE-D55F78769115}.Debug|.NET.ActiveCfg = Debug|Any CPU
		{B7E438A4-E39B-4D9B-BFAE-D55F78769115}.Debug|Any CPU.ActiveCfg = Debug|Any CPU
		{B7E438A4-E39B-4D9B-BFAE-D55F78769115}.Debug|Any CPU.Build.0 = Debug|Any CPU
		{B7E438A4-E39B-4D9B-BFAE-D55F78769115}.Debug|Mixed Platforms.ActiveCfg = Debug|Any CPU
		{B7E438A4-E39B-4D9B-BFAE-D55F78769115}.Debug|Mixed Platforms.Build.0 = Debug|Any CPU
		{B7E438A4-E39B-4D9B-BFAE-D55F78769115}.DebugLocal|.NET.ActiveCfg = Debug|Any CPU
		{B7E438A4-E39B-4D9B-BFAE-D55F78769115}.DebugLocal|Any CPU.ActiveCfg = Debug|Any CPU
		{B7E438A4-E39B-4D9B-BFAE-D55F78769115}.DebugLocal|Any CPU.Build.0 = Debug|Any CPU
		{B7E438A4-E39B-4D9B-BFAE-D55F78769115}.DebugLocal|Mixed Platforms.ActiveCfg = Debug|Any CPU
		{B7E438A4-E39B-4D9B-BFAE-D55F78769115}.DebugLocal|Mixed Platforms.Build.0 = Debug|Any CPU
		{B7E438A4-E39B-4D9B-BFAE-D55F78769115}.Production|.NET.ActiveCfg = Release|Any CPU
		{B7E438A4-E39B-4D9B-BFAE-D55F78769115}.Production|Any CPU.ActiveCfg = Release|Any CPU
		{B7E438A4-E39B-4D9B-BFAE-D55F78769115}.Production|Any CPU.Build.0 = Release|Any CPU
		{B7E438A4-E39B-4D9B-BFAE-D55F78769115}.Production|Mixed Platforms.ActiveCfg = Release|Any CPU
		{B7E438A4-E39B-4D9B-BFAE-D55F78769115}.Production|Mixed Platforms.Build.0 = Release|Any CPU
		{B7E438A4-E39B-4D9B-BFAE-D55F78769115}.Release|.NET.ActiveCfg = Release|Any CPU
		{B7E438A4-E39B-4D9B-BFAE-D55F78769115}.Release|Any CPU.ActiveCfg = Release|Any CPU
		{B7E438A4-E39B-4D9B-BFAE-D55F78769115}.Release|Any CPU.Build.0 = Release|Any CPU
		{B7E438A4-E39B-4D9B-BFAE-D55F78769115}.Release|Mixed Platforms.ActiveCfg = Release|Any CPU
		{B7E438A4-E39B-4D9B-BFAE-D55F78769115}.Release|Mixed Platforms.Build.0 = Release|Any CPU
		{44635FA6-C614-44D4-9D34-1728B2B1542D}.Debug|.NET.ActiveCfg = Debug|Any CPU
		{44635FA6-C614-44D4-9D34-1728B2B1542D}.Debug|Any CPU.ActiveCfg = Debug|Any CPU
		{44635FA6-C614-44D4-9D34-1728B2B1542D}.Debug|Any CPU.Build.0 = Debug|Any CPU
		{44635FA6-C614-44D4-9D34-1728B2B1542D}.Debug|Mixed Platforms.ActiveCfg = Debug|Any CPU
		{44635FA6-C614-44D4-9D34-1728B2B1542D}.DebugLocal|.NET.ActiveCfg = Debug|Any CPU
		{44635FA6-C614-44D4-9D34-1728B2B1542D}.DebugLocal|Any CPU.ActiveCfg = Debug|Any CPU
		{44635FA6-C614-44D4-9D34-1728B2B1542D}.DebugLocal|Any CPU.Build.0 = Debug|Any CPU
		{44635FA6-C614-44D4-9D34-1728B2B1542D}.DebugLocal|Mixed Platforms.ActiveCfg = Debug|Any CPU
		{44635FA6-C614-44D4-9D34-1728B2B1542D}.DebugLocal|Mixed Platforms.Build.0 = Debug|Any CPU
		{44635FA6-C614-44D4-9D34-1728B2B1542D}.Production|.NET.ActiveCfg = Release|Any CPU
		{44635FA6-C614-44D4-9D34-1728B2B1542D}.Production|Any CPU.ActiveCfg = Release|Any CPU
		{44635FA6-C614-44D4-9D34-1728B2B1542D}.Production|Any CPU.Build.0 = Release|Any CPU
		{44635FA6-C614-44D4-9D34-1728B2B1542D}.Production|Mixed Platforms.ActiveCfg = Release|Any CPU
		{44635FA6-C614-44D4-9D34-1728B2B1542D}.Production|Mixed Platforms.Build.0 = Release|Any CPU
		{44635FA6-C614-44D4-9D34-1728B2B1542D}.Release|.NET.ActiveCfg = Release|Any CPU
		{44635FA6-C614-44D4-9D34-1728B2B1542D}.Release|Any CPU.ActiveCfg = Release|Any CPU
		{44635FA6-C614-44D4-9D34-1728B2B1542D}.Release|Any CPU.Build.0 = Release|Any CPU
		{44635FA6-C614-44D4-9D34-1728B2B1542D}.Release|Mixed Platforms.ActiveCfg = Release|Any CPU
		{44635FA6-C614-44D4-9D34-1728B2B1542D}.Release|Mixed Platforms.Build.0 = Release|Any CPU
	EndGlobalSection
	GlobalSection(SolutionProperties) = preSolution
		HideSolutionNode = FALSE
	EndGlobalSection
EndGlobal
